github.com/appleboy/go-httpretry v0.11.0 h1:LI2kFDBI9ghxIip9dJz3uRMEVEwSSOC1bjS177QCi+w=
github.com/appleboy/go-httpretry v0.11.0/go.mod h1:96v1IO6wg1+S10iFbOM3O8rn2vkFw8+uH4mDPhGoz+E=
github.com/go-authgate/sdk-go v0.5.0 h1:MgdMdknXyfz5FhxvBK1kikRdn8N32NmJcozfKiV6yXQ=
github.com/go-authgate/sdk-go v0.5.0/go.mod h1:55PLAPuu8GDK0omOwG6lx4c+9/T6dJwZd8kecUueLEk=
